
Microsoft Visual Studio Solution File, Format Version 12.00
# Visual Studio Version 17
VisualStudioVersion = 17.10.34916.146
MinimumVisualStudioVersion = 10.0.40219.1
Project("{9A19103F-16F7-4668-BE54-9A1E7A4F7556}") = "SecondLessonProgramming", "SecondLessonProgramming.csproj", "{033E89AC-1A29-4647-BE53-905B37D980D5}"
EndProject
Global
	GlobalSection(SolutionConfigurationPlatforms) = preSolution
		Debug|Any CPU = Debug|Any CPU
		Release|Any CPU = Release|Any CPU
	EndGlobalSection
	GlobalSection(ProjectConfigurationPlatforms) = postSolution
		{033E89AC-1A29-4647-BE53-905B37D980D5}.Debug|Any CPU.ActiveCfg = Debug|Any CPU
		{033E89AC-1A29-4647-BE53-905B37D980D5}.Debug|Any CPU.Build.0 = Debug|Any CPU
		{033E89AC-1A29-4647-BE53-905B37D980D5}.Release|Any CPU.ActiveCfg = Release|Any CPU
		{033E89AC-1A29-4647-BE53-905B37D980D5}.Release|Any CPU.Build.0 = Release|Any CPU
	EndGlobalSection
	GlobalSection(SolutionProperties) = preSolution
		HideSolutionNode = FALSE
	EndGlobalSection
	GlobalSection(ExtensibilityGlobals) = postSolution
		SolutionGuid = {4072FB8D-583E-4450-BA85-A10F7F566648}
	EndGlobalSection
EndGlobal
